
Microsoft Visual Studio Solution File, Format Version 12.00
# Visual Studio Version 16
VisualStudioVersion = 16.0.31424.327
MinimumVisualStudioVersion = 10.0.40219.1
Project("{9A19103F-16F7-4668-BE54-9A1E7A4F7556}") = "Poly.Collections", "Collections\Poly.Collections.csproj", "{CACB5570-9FEC-4730-9010-867D06594702}"
EndProject
Project("{9A19103F-16F7-4668-BE54-9A1E7A4F7556}") = "Poly.Collections.Tests", "Collections.Tests\Poly.Collections.Tests.csproj", "{1F623555-480D-467B-B000-D0E76D95367E}"
EndProject
Global
	GlobalSection(SolutionConfigurationPlatforms) = preSolution
		Debug|Any CPU = Debug|Any CPU
		Release|Any CPU = Release|Any CPU
	EndGlobalSection
	GlobalSection(ProjectConfigurationPlatforms) = postSolution
		{CACB5570-9FEC-4730-9010-867D06594702}.Debug|Any CPU.ActiveCfg = Debug|Any CPU
		{CACB5570-9FEC-4730-9010-867D06594702}.Debug|Any CPU.Build.0 = Debug|Any CPU
		{CACB5570-9FEC-4730-9010-867D06594702}.Release|Any CPU.ActiveCfg = Release|Any CPU
		{CACB5570-9FEC-4730-9010-867D06594702}.Release|Any CPU.Build.0 = Release|Any CPU
		{1F623555-480D-467B-B000-D0E76D95367E}.Debug|Any CPU.ActiveCfg = Debug|Any CPU
		{1F623555-480D-467B-B000-D0E76D95367E}.Debug|Any CPU.Build.0 = Debug|Any CPU
		{1F623555-480D-467B-B000-D0E76D95367E}.Release|Any CPU.ActiveCfg = Release|Any CPU
		{1F623555-480D-467B-B000-D0E76D95367E}.Release|Any CPU.Build.0 = Release|Any CPU
	EndGlobalSection
	GlobalSection(SolutionProperties) = preSolution
		HideSolutionNode = FALSE
	EndGlobalSection
	GlobalSection(ExtensibilityGlobals) = postSolution
		SolutionGuid = {3F4A3E2B-59B6-49E0-AF8C-647F6136BAE6}
	EndGlobalSection
EndGlobal
